
Microsoft Visual Studio Solution File, Format Version 12.00
# Visual Studio Version 16
VisualStudioVersion = 16.0.29905.134
MinimumVisualStudioVersion = 10.0.40219.1
Project("{FAE04EC0-301F-11D3-BF4B-00C04F79EFBC}") = "SpecFlow Lambda Sample", "SpecFlow Lambda Sample.csproj", "{31631499-F5DB-4E06-99A6-728AAEE9BC40}"
EndProject
Global
	GlobalSection(SolutionConfigurationPlatforms) = preSolution
		Debug|Any CPU = Debug|Any CPU
		Release|Any CPU = Release|Any CPU
	EndGlobalSection
	GlobalSection(ProjectConfigurationPlatforms) = postSolution
		{31631499-F5DB-4E06-99A6-728AAEE9BC40}.Debug|Any CPU.ActiveCfg = Debug|Any CPU
		{31631499-F5DB-4E06-99A6-728AAEE9BC40}.Debug|Any CPU.Build.0 = Debug|Any CPU
		{31631499-F5DB-4E06-99A6-728AAEE9BC40}.Release|Any CPU.ActiveCfg = Release|Any CPU
		{31631499-F5DB-4E06-99A6-728AAEE9BC40}.Release|Any CPU.Build.0 = Release|Any CPU
	EndGlobalSection
	GlobalSection(SolutionProperties) = preSolution
		HideSolutionNode = FALSE
	EndGlobalSection
	GlobalSection(ExtensibilityGlobals) = postSolution
		SolutionGuid = {B4289F63-8F5F-45CB-8BB0-F3C195E78D48}
	EndGlobalSection
EndGlobal
